<?xml version="1.0" encoding="UTF-8"?>
<Project ToolsVersion="12.0" xmlns="http://schemas.microsoft.com/developer/msbuild/2003">
  <ItemGroup>
    <ClCompile Include="D:\research\cv\opencv2410\apps\haartraining\cvboost.cpp">
      <Filter>Source Files</Filter>
    </ClCompile>
    <ClCompile Include="D:\research\cv\opencv2410\apps\haartraining\cvcommon.cpp">
      <Filter>Source Files</Filter>
    </ClCompile>
    <ClCompile Include="D:\research\cv\opencv2410\apps\haartraining\cvhaarclassifier.cpp">
      <Filter>Source Files</Filter>
    </ClCompile>
    <ClCompile Include="D:\research\cv\opencv2410\apps\haartraining\cvhaartraining.cpp">
      <Filter>Source Files</Filter>
    </ClCompile>
    <ClCompile Include="D:\research\cv\opencv2410\apps\haartraining\cvsamples.cpp">
      <Filter>Source Files</Filter>
    </ClCompile>
    <ClCompile Include="D:\research\cv\opencv2410\apps\haartraining\cvsamplesoutput.cpp">
      <Filter>Source Files</Filter>
    </ClCompile>
  </ItemGroup>
  <ItemGroup>
    <ClInclude Include="D:\research\cv\opencv2410\apps\haartraining\_cvcommon.h">
      <Filter>Header Files</Filter>
    </ClInclude>
    <ClInclude Include="D:\research\cv\opencv2410\apps\haartraining\cvclassifier.h">
      <Filter>Header Files</Filter>
    </ClInclude>
    <ClInclude Include="D:\research\cv\opencv2410\apps\haartraining\_cvhaartraining.h">
      <Filter>Header Files</Filter>
    </ClInclude>
    <ClInclude Include="D:\research\cv\opencv2410\apps\haartraining\cvhaartraining.h">
      <Filter>Header Files</Filter>
    </ClInclude>
    <ClInclude Include="D:\research\cv\opencv2410\apps\haartraining\cvsamplesoutput.h">
      <Filter>Header Files</Filter>
    </ClInclude>
    <ClInclude Include="D:\research\cv\opencv2410\apps\haartraining\ioutput.h">
      <Filter>Header Files</Filter>
    </ClInclude>
  </ItemGroup>
  <ItemGroup>
    <CustomBuild Include="D:\research\cv\opencv2410\apps\haartraining\CMakeLists.txt" />
  </ItemGroup>
  <ItemGroup>
    <Filter Include="Source Files">
      <UniqueIdentifier>{06E716F4-DA7B-3B73-845E-742D6FDC69D1}</UniqueIdentifier>
    </Filter>
    <Filter Include="Header Files">
      <UniqueIdentifier>{C6D19590-C4C1-3745-94D8-43B35875BACD}</UniqueIdentifier>
    </Filter>
  </ItemGroup>
</Project>
