<?xml version="1.0" encoding="UTF-8"?>
<Project ToolsVersion="12.0" xmlns="http://schemas.microsoft.com/developer/msbuild/2003">
  <ItemGroup>
    <ClCompile Include="D:\research\cv\opencv2410\modules\ocl\test\main.cpp">
      <Filter>Src</Filter>
    </ClCompile>
    <ClCompile Include="D:\research\cv\opencv2410\modules\ocl\test\test_api.cpp">
      <Filter>Src</Filter>
    </ClCompile>
    <ClCompile Include="D:\research\cv\opencv2410\modules\ocl\test\test_arithm.cpp">
      <Filter>Src</Filter>
    </ClCompile>
    <ClCompile Include="D:\research\cv\opencv2410\modules\ocl\test\test_bgfg.cpp">
      <Filter>Src</Filter>
    </ClCompile>
    <ClCompile Include="D:\research\cv\opencv2410\modules\ocl\test\test_blend.cpp">
      <Filter>Src</Filter>
    </ClCompile>
    <ClCompile Include="D:\research\cv\opencv2410\modules\ocl\test\test_brute_force_matcher.cpp">
      <Filter>Src</Filter>
    </ClCompile>
    <ClCompile Include="D:\research\cv\opencv2410\modules\ocl\test\test_calib3d.cpp">
      <Filter>Src</Filter>
    </ClCompile>
    <ClCompile Include="D:\research\cv\opencv2410\modules\ocl\test\test_canny.cpp">
      <Filter>Src</Filter>
    </ClCompile>
    <ClCompile Include="D:\research\cv\opencv2410\modules\ocl\test\test_color.cpp">
      <Filter>Src</Filter>
    </ClCompile>
    <ClCompile Include="D:\research\cv\opencv2410\modules\ocl\test\test_fft.cpp">
      <Filter>Src</Filter>
    </ClCompile>
    <ClCompile Include="D:\research\cv\opencv2410\modules\ocl\test\test_filters.cpp">
      <Filter>Src</Filter>
    </ClCompile>
    <ClCompile Include="D:\research\cv\opencv2410\modules\ocl\test\test_gemm.cpp">
      <Filter>Src</Filter>
    </ClCompile>
    <ClCompile Include="D:\research\cv\opencv2410\modules\ocl\test\test_imgproc.cpp">
      <Filter>Src</Filter>
    </ClCompile>
    <ClCompile Include="D:\research\cv\opencv2410\modules\ocl\test\test_kalman.cpp">
      <Filter>Src</Filter>
    </ClCompile>
    <ClCompile Include="D:\research\cv\opencv2410\modules\ocl\test\test_kmeans.cpp">
      <Filter>Src</Filter>
    </ClCompile>
    <ClCompile Include="D:\research\cv\opencv2410\modules\ocl\test\test_match_template.cpp">
      <Filter>Src</Filter>
    </ClCompile>
    <ClCompile Include="D:\research\cv\opencv2410\modules\ocl\test\test_matrix_operation.cpp">
      <Filter>Src</Filter>
    </ClCompile>
    <ClCompile Include="D:\research\cv\opencv2410\modules\ocl\test\test_mean_shift.cpp">
      <Filter>Src</Filter>
    </ClCompile>
    <ClCompile Include="D:\research\cv\opencv2410\modules\ocl\test\test_ml.cpp">
      <Filter>Src</Filter>
    </ClCompile>
    <ClCompile Include="D:\research\cv\opencv2410\modules\ocl\test\test_moments.cpp">
      <Filter>Src</Filter>
    </ClCompile>
    <ClCompile Include="D:\research\cv\opencv2410\modules\ocl\test\test_objdetect.cpp">
      <Filter>Src</Filter>
    </ClCompile>
    <ClCompile Include="D:\research\cv\opencv2410\modules\ocl\test\test_optflow.cpp">
      <Filter>Src</Filter>
    </ClCompile>
    <ClCompile Include="D:\research\cv\opencv2410\modules\ocl\test\test_pyramids.cpp">
      <Filter>Src</Filter>
    </ClCompile>
    <ClCompile Include="D:\research\cv\opencv2410\modules\ocl\test\test_sort.cpp">
      <Filter>Src</Filter>
    </ClCompile>
    <ClCompile Include="D:\research\cv\opencv2410\modules\ocl\test\test_split_merge.cpp">
      <Filter>Src</Filter>
    </ClCompile>
    <ClCompile Include="D:\research\cv\opencv2410\modules\ocl\test\test_warp.cpp">
      <Filter>Src</Filter>
    </ClCompile>
    <ClCompile Include="D:\research\cv\opencv2410\modules\ocl\test\utility.cpp">
      <Filter>Src</Filter>
    </ClCompile>
    <ClCompile Include="D:\research\cv\opencv2410\build32\modules\ocl\opencv_test_ocl_pch.cpp">
      <Filter>Source Files</Filter>
    </ClCompile>
  </ItemGroup>
  <ItemGroup>
    <ClInclude Include="D:\research\cv\opencv2410\modules\ocl\test\test_precomp.hpp">
      <Filter>Include</Filter>
    </ClInclude>
    <ClInclude Include="D:\research\cv\opencv2410\modules\ocl\test\utility.hpp">
      <Filter>Include</Filter>
    </ClInclude>
  </ItemGroup>
  <ItemGroup>
    <CustomBuild Include="D:\research\cv\opencv2410\modules\ocl\CMakeLists.txt" />
  </ItemGroup>
  <ItemGroup>
    <Filter Include="Source Files">
      <UniqueIdentifier>{06E716F4-DA7B-3B73-845E-742D6FDC69D1}</UniqueIdentifier>
    </Filter>
    <Filter Include="Src">
      <UniqueIdentifier>{B00A0CF2-4A5C-3189-BB27-B2BCDC4AF01E}</UniqueIdentifier>
    </Filter>
    <Filter Include="Include">
      <UniqueIdentifier>{B5DFA3AC-0AB6-3E18-B238-BA1A10C0F8B5}</UniqueIdentifier>
    </Filter>
  </ItemGroup>
</Project>
