<?xml version="1.0" encoding="UTF-8"?>
<Project ToolsVersion="12.0" xmlns="http://schemas.microsoft.com/developer/msbuild/2003">
  <ItemGroup>
    <ClCompile Include="D:\research\cv\opencv2410\modules\flann\src\flann.cpp">
      <Filter>Src</Filter>
    </ClCompile>
    <ClCompile Include="D:\research\cv\opencv2410\modules\flann\src\miniflann.cpp">
      <Filter>Src</Filter>
    </ClCompile>
    <ClCompile Include="D:\research\cv\opencv2410\build32\modules\flann\opencv_flann_pch.cpp">
      <Filter>Source Files</Filter>
    </ClCompile>
  </ItemGroup>
  <ItemGroup>
    <ClInclude Include="D:\research\cv\opencv2410\modules\flann\include\opencv2\flann\flann.hpp">
      <Filter>Include</Filter>
    </ClInclude>
    <ClInclude Include="D:\research\cv\opencv2410\modules\flann\include\opencv2\flann\flann_base.hpp">
      <Filter>Include</Filter>
    </ClInclude>
    <ClInclude Include="D:\research\cv\opencv2410\modules\flann\include\opencv2\flann\miniflann.hpp">
      <Filter>Include</Filter>
    </ClInclude>
    <ClInclude Include="D:\research\cv\opencv2410\modules\flann\include\opencv2\flann\allocator.h">
      <Filter>Include</Filter>
    </ClInclude>
    <ClInclude Include="D:\research\cv\opencv2410\modules\flann\include\opencv2\flann\all_indices.h">
      <Filter>Include</Filter>
    </ClInclude>
    <ClInclude Include="D:\research\cv\opencv2410\modules\flann\include\opencv2\flann\any.h">
      <Filter>Include</Filter>
    </ClInclude>
    <ClInclude Include="D:\research\cv\opencv2410\modules\flann\include\opencv2\flann\autotuned_index.h">
      <Filter>Include</Filter>
    </ClInclude>
    <ClInclude Include="D:\research\cv\opencv2410\modules\flann\include\opencv2\flann\composite_index.h">
      <Filter>Include</Filter>
    </ClInclude>
    <ClInclude Include="D:\research\cv\opencv2410\modules\flann\include\opencv2\flann\config.h">
      <Filter>Include</Filter>
    </ClInclude>
    <ClInclude Include="D:\research\cv\opencv2410\modules\flann\include\opencv2\flann\defines.h">
      <Filter>Include</Filter>
    </ClInclude>
    <ClInclude Include="D:\research\cv\opencv2410\modules\flann\include\opencv2\flann\dist.h">
      <Filter>Include</Filter>
    </ClInclude>
    <ClInclude Include="D:\research\cv\opencv2410\modules\flann\include\opencv2\flann\dummy.h">
      <Filter>Include</Filter>
    </ClInclude>
    <ClInclude Include="D:\research\cv\opencv2410\modules\flann\include\opencv2\flann\dynamic_bitset.h">
      <Filter>Include</Filter>
    </ClInclude>
    <ClInclude Include="D:\research\cv\opencv2410\modules\flann\include\opencv2\flann\general.h">
      <Filter>Include</Filter>
    </ClInclude>
    <ClInclude Include="D:\research\cv\opencv2410\modules\flann\include\opencv2\flann\ground_truth.h">
      <Filter>Include</Filter>
    </ClInclude>
    <ClInclude Include="D:\research\cv\opencv2410\modules\flann\include\opencv2\flann\hdf5.h">
      <Filter>Include</Filter>
    </ClInclude>
    <ClInclude Include="D:\research\cv\opencv2410\modules\flann\include\opencv2\flann\heap.h">
      <Filter>Include</Filter>
    </ClInclude>
    <ClInclude Include="D:\research\cv\opencv2410\modules\flann\include\opencv2\flann\hierarchical_clustering_index.h">
      <Filter>Include</Filter>
    </ClInclude>
    <ClInclude Include="D:\research\cv\opencv2410\modules\flann\include\opencv2\flann\index_testing.h">
      <Filter>Include</Filter>
    </ClInclude>
    <ClInclude Include="D:\research\cv\opencv2410\modules\flann\include\opencv2\flann\kdtree_index.h">
      <Filter>Include</Filter>
    </ClInclude>
    <ClInclude Include="D:\research\cv\opencv2410\modules\flann\include\opencv2\flann\kdtree_single_index.h">
      <Filter>Include</Filter>
    </ClInclude>
    <ClInclude Include="D:\research\cv\opencv2410\modules\flann\include\opencv2\flann\kmeans_index.h">
      <Filter>Include</Filter>
    </ClInclude>
    <ClInclude Include="D:\research\cv\opencv2410\modules\flann\include\opencv2\flann\linear_index.h">
      <Filter>Include</Filter>
    </ClInclude>
    <ClInclude Include="D:\research\cv\opencv2410\modules\flann\include\opencv2\flann\logger.h">
      <Filter>Include</Filter>
    </ClInclude>
    <ClInclude Include="D:\research\cv\opencv2410\modules\flann\include\opencv2\flann\lsh_index.h">
      <Filter>Include</Filter>
    </ClInclude>
    <ClInclude Include="D:\research\cv\opencv2410\modules\flann\include\opencv2\flann\lsh_table.h">
      <Filter>Include</Filter>
    </ClInclude>
    <ClInclude Include="D:\research\cv\opencv2410\modules\flann\include\opencv2\flann\matrix.h">
      <Filter>Include</Filter>
    </ClInclude>
    <ClInclude Include="D:\research\cv\opencv2410\modules\flann\include\opencv2\flann\nn_index.h">
      <Filter>Include</Filter>
    </ClInclude>
    <ClInclude Include="D:\research\cv\opencv2410\modules\flann\include\opencv2\flann\object_factory.h">
      <Filter>Include</Filter>
    </ClInclude>
    <ClInclude Include="D:\research\cv\opencv2410\modules\flann\include\opencv2\flann\params.h">
      <Filter>Include</Filter>
    </ClInclude>
    <ClInclude Include="D:\research\cv\opencv2410\modules\flann\include\opencv2\flann\random.h">
      <Filter>Include</Filter>
    </ClInclude>
    <ClInclude Include="D:\research\cv\opencv2410\modules\flann\include\opencv2\flann\result_set.h">
      <Filter>Include</Filter>
    </ClInclude>
    <ClInclude Include="D:\research\cv\opencv2410\modules\flann\include\opencv2\flann\sampling.h">
      <Filter>Include</Filter>
    </ClInclude>
    <ClInclude Include="D:\research\cv\opencv2410\modules\flann\include\opencv2\flann\saving.h">
      <Filter>Include</Filter>
    </ClInclude>
    <ClInclude Include="D:\research\cv\opencv2410\modules\flann\include\opencv2\flann\simplex_downhill.h">
      <Filter>Include</Filter>
    </ClInclude>
    <ClInclude Include="D:\research\cv\opencv2410\modules\flann\include\opencv2\flann\timer.h">
      <Filter>Include</Filter>
    </ClInclude>
    <ClInclude Include="D:\research\cv\opencv2410\modules\flann\src\precomp.hpp">
      <Filter>Src</Filter>
    </ClInclude>
    <ClInclude Include="D:\research\cv\opencv2410\build32\cvconfig.h">
      <Filter>Header Files</Filter>
    </ClInclude>
    <ClInclude Include="D:\research\cv\opencv2410\build32\opencv2\opencv_modules.hpp">
      <Filter>Header Files</Filter>
    </ClInclude>
  </ItemGroup>
  <ItemGroup>
    <CustomBuild Include="D:\research\cv\opencv2410\modules\flann\CMakeLists.txt" />
  </ItemGroup>
  <ItemGroup>
    <Filter Include="Source Files">
      <UniqueIdentifier>{06E716F4-DA7B-3B73-845E-742D6FDC69D1}</UniqueIdentifier>
    </Filter>
    <Filter Include="Header Files">
      <UniqueIdentifier>{C6D19590-C4C1-3745-94D8-43B35875BACD}</UniqueIdentifier>
    </Filter>
    <Filter Include="Src">
      <UniqueIdentifier>{B00A0CF2-4A5C-3189-BB27-B2BCDC4AF01E}</UniqueIdentifier>
    </Filter>
    <Filter Include="Include">
      <UniqueIdentifier>{B5DFA3AC-0AB6-3E18-B238-BA1A10C0F8B5}</UniqueIdentifier>
    </Filter>
  </ItemGroup>
</Project>
