Microsoft Visual Studio Solution File, Format Version 12.00
# Visual Studio 2013
Project("{8BC9CEB8-8B4A-11D0-8D11-00A0C91BC942}") = "ALL_BUILD", "ALL_BUILD.vcxproj", "{8E2311F6-64E4-3340-9FA8-BD4F24F62324}"
	ProjectSection(ProjectDependencies) = postProject
		{89D1AC69-47E0-312E-8058-31F19C918E39} = {89D1AC69-47E0-312E-8058-31F19C918E39}
		{32D1E04F-7C9A-3321-B545-AB047C5F2539} = {32D1E04F-7C9A-3321-B545-AB047C5F2539}
		{DAE47E99-0B74-36C9-B3B3-7BB7E4A05A98} = {DAE47E99-0B74-36C9-B3B3-7BB7E4A05A98}
	EndProjectSection
EndProject
Project("{8BC9CEB8-8B4A-11D0-8D11-00A0C91BC942}") = "INSTALL", "INSTALL.vcxproj", "{89B1B741-AA08-3835-B816-7B5E64D0DC26}"
	ProjectSection(ProjectDependencies) = postProject
		{8E2311F6-64E4-3340-9FA8-BD4F24F62324} = {8E2311F6-64E4-3340-9FA8-BD4F24F62324}
	EndProjectSection
EndProject
Project("{8BC9CEB8-8B4A-11D0-8D11-00A0C91BC942}") = "IlmImf", "..\..\3rdparty\openexr\IlmImf.vcxproj", "{BCAFDBE3-32CD-39BB-B86A-10006A4E7F74}"
	ProjectSection(ProjectDependencies) = postProject
		{D80F212E-08B9-3508-A2F1-0D846B58614C} = {D80F212E-08B9-3508-A2F1-0D846B58614C}
		{FC1D884A-AEB9-32F8-8F94-6DCBCA529870} = {FC1D884A-AEB9-32F8-8F94-6DCBCA529870}
	EndProjectSection
EndProject
Project("{8BC9CEB8-8B4A-11D0-8D11-00A0C91BC942}") = "PACKAGE", "PACKAGE.vcxproj", "{099F048F-C21E-38BD-9816-3DAF786E25DC}"
	ProjectSection(ProjectDependencies) = postProject
		{8E2311F6-64E4-3340-9FA8-BD4F24F62324} = {8E2311F6-64E4-3340-9FA8-BD4F24F62324}
	EndProjectSection
EndProject
Project("{8BC9CEB8-8B4A-11D0-8D11-00A0C91BC942}") = "ZERO_CHECK", "..\..\\ZERO_CHECK.vcxproj", "{D80F212E-08B9-3508-A2F1-0D846B58614C}"
	ProjectSection(ProjectDependencies) = postProject
	EndProjectSection
EndProject
Project("{8BC9CEB8-8B4A-11D0-8D11-00A0C91BC942}") = "libjasper", "..\..\3rdparty\libjasper\libjasper.vcxproj", "{7A6D1BE0-EAA1-367F-97C4-B0BCAF4073C9}"
	ProjectSection(ProjectDependencies) = postProject
		{D80F212E-08B9-3508-A2F1-0D846B58614C} = {D80F212E-08B9-3508-A2F1-0D846B58614C}
	EndProjectSection
EndProject
Project("{8BC9CEB8-8B4A-11D0-8D11-00A0C91BC942}") = "libjpeg", "..\..\3rdparty\libjpeg\libjpeg.vcxproj", "{9EF7F79A-2B24-3DC8-B955-56D5FA88E1A6}"
	ProjectSection(ProjectDependencies) = postProject
		{D80F212E-08B9-3508-A2F1-0D846B58614C} = {D80F212E-08B9-3508-A2F1-0D846B58614C}
	EndProjectSection
EndProject
Project("{8BC9CEB8-8B4A-11D0-8D11-00A0C91BC942}") = "libpng", "..\..\3rdparty\libpng\libpng.vcxproj", "{500281EE-504E-3F74-A8FA-11704ED978ED}"
	ProjectSection(ProjectDependencies) = postProject
		{D80F212E-08B9-3508-A2F1-0D846B58614C} = {D80F212E-08B9-3508-A2F1-0D846B58614C}
		{FC1D884A-AEB9-32F8-8F94-6DCBCA529870} = {FC1D884A-AEB9-32F8-8F94-6DCBCA529870}
	EndProjectSection
EndProject
Project("{8BC9CEB8-8B4A-11D0-8D11-00A0C91BC942}") = "libtiff", "..\..\3rdparty\libtiff\libtiff.vcxproj", "{9D8686D7-E9F4-33BE-A3F8-BAA7D48E6F6F}"
	ProjectSection(ProjectDependencies) = postProject
		{D80F212E-08B9-3508-A2F1-0D846B58614C} = {D80F212E-08B9-3508-A2F1-0D846B58614C}
		{FC1D884A-AEB9-32F8-8F94-6DCBCA529870} = {FC1D884A-AEB9-32F8-8F94-6DCBCA529870}
	EndProjectSection
EndProject
Project("{8BC9CEB8-8B4A-11D0-8D11-00A0C91BC942}") = "opencv_calib3d", "..\calib3d\opencv_calib3d.vcxproj", "{DD6E132B-27D3-353B-9873-CD170E246ED3}"
	ProjectSection(ProjectDependencies) = postProject
		{D80F212E-08B9-3508-A2F1-0D846B58614C} = {D80F212E-08B9-3508-A2F1-0D846B58614C}
		{462B5BB5-FB78-3E41-875A-AA002AD24FCD} = {462B5BB5-FB78-3E41-875A-AA002AD24FCD}
		{36E36965-32C6-393D-A445-7F1BCDB7CF51} = {36E36965-32C6-393D-A445-7F1BCDB7CF51}
		{566E9C6E-0D84-3681-8D33-E5EA0B081A55} = {566E9C6E-0D84-3681-8D33-E5EA0B081A55}
		{26044AFC-249C-3A12-B3D7-777668DC1F7B} = {26044AFC-249C-3A12-B3D7-777668DC1F7B}
		{D003E9A5-285E-3FD5-BCE1-26FDB76C9E92} = {D003E9A5-285E-3FD5-BCE1-26FDB76C9E92}
	EndProjectSection
EndProject
Project("{8BC9CEB8-8B4A-11D0-8D11-00A0C91BC942}") = "opencv_core", "..\core\opencv_core.vcxproj", "{462B5BB5-FB78-3E41-875A-AA002AD24FCD}"
	ProjectSection(ProjectDependencies) = postProject
		{D80F212E-08B9-3508-A2F1-0D846B58614C} = {D80F212E-08B9-3508-A2F1-0D846B58614C}
		{FC1D884A-AEB9-32F8-8F94-6DCBCA529870} = {FC1D884A-AEB9-32F8-8F94-6DCBCA529870}
	EndProjectSection
EndProject
Project("{8BC9CEB8-8B4A-11D0-8D11-00A0C91BC942}") = "opencv_features2d", "..\features2d\opencv_features2d.vcxproj", "{36E36965-32C6-393D-A445-7F1BCDB7CF51}"
	ProjectSection(ProjectDependencies) = postProject
		{D80F212E-08B9-3508-A2F1-0D846B58614C} = {D80F212E-08B9-3508-A2F1-0D846B58614C}
		{462B5BB5-FB78-3E41-875A-AA002AD24FCD} = {462B5BB5-FB78-3E41-875A-AA002AD24FCD}
		{566E9C6E-0D84-3681-8D33-E5EA0B081A55} = {566E9C6E-0D84-3681-8D33-E5EA0B081A55}
		{26044AFC-249C-3A12-B3D7-777668DC1F7B} = {26044AFC-249C-3A12-B3D7-777668DC1F7B}
		{D003E9A5-285E-3FD5-BCE1-26FDB76C9E92} = {D003E9A5-285E-3FD5-BCE1-26FDB76C9E92}
	EndProjectSection
EndProject
Project("{8BC9CEB8-8B4A-11D0-8D11-00A0C91BC942}") = "opencv_flann", "..\flann\opencv_flann.vcxproj", "{566E9C6E-0D84-3681-8D33-E5EA0B081A55}"
	ProjectSection(ProjectDependencies) = postProject
		{D80F212E-08B9-3508-A2F1-0D846B58614C} = {D80F212E-08B9-3508-A2F1-0D846B58614C}
		{462B5BB5-FB78-3E41-875A-AA002AD24FCD} = {462B5BB5-FB78-3E41-875A-AA002AD24FCD}
	EndProjectSection
EndProject
Project("{8BC9CEB8-8B4A-11D0-8D11-00A0C91BC942}") = "opencv_gpu", "..\gpu\opencv_gpu.vcxproj", "{BD16A44E-B570-3417-9787-AD0460BBD1EF}"
	ProjectSection(ProjectDependencies) = postProject
		{D80F212E-08B9-3508-A2F1-0D846B58614C} = {D80F212E-08B9-3508-A2F1-0D846B58614C}
		{DD6E132B-27D3-353B-9873-CD170E246ED3} = {DD6E132B-27D3-353B-9873-CD170E246ED3}
		{462B5BB5-FB78-3E41-875A-AA002AD24FCD} = {462B5BB5-FB78-3E41-875A-AA002AD24FCD}
		{36E36965-32C6-393D-A445-7F1BCDB7CF51} = {36E36965-32C6-393D-A445-7F1BCDB7CF51}
		{566E9C6E-0D84-3681-8D33-E5EA0B081A55} = {566E9C6E-0D84-3681-8D33-E5EA0B081A55}
		{26044AFC-249C-3A12-B3D7-777668DC1F7B} = {26044AFC-249C-3A12-B3D7-777668DC1F7B}
		{D003E9A5-285E-3FD5-BCE1-26FDB76C9E92} = {D003E9A5-285E-3FD5-BCE1-26FDB76C9E92}
		{E449B5CD-82AE-3E54-BFFE-009A6BECFA61} = {E449B5CD-82AE-3E54-BFFE-009A6BECFA61}
		{7926870F-7548-39E1-AE98-FF6ABD799B54} = {7926870F-7548-39E1-AE98-FF6ABD799B54}
		{62934B13-B6E1-3C44-853B-379A0469F26C} = {62934B13-B6E1-3C44-853B-379A0469F26C}
		{2164AA7F-718A-332A-B012-A0B00A1E1B86} = {2164AA7F-718A-332A-B012-A0B00A1E1B86}
		{15DC6DA8-DB67-3307-95D4-A78009EB4608} = {15DC6DA8-DB67-3307-95D4-A78009EB4608}
	EndProjectSection
EndProject
Project("{8BC9CEB8-8B4A-11D0-8D11-00A0C91BC942}") = "opencv_highgui", "..\highgui\opencv_highgui.vcxproj", "{26044AFC-249C-3A12-B3D7-777668DC1F7B}"
	ProjectSection(ProjectDependencies) = postProject
		{BCAFDBE3-32CD-39BB-B86A-10006A4E7F74} = {BCAFDBE3-32CD-39BB-B86A-10006A4E7F74}
		{D80F212E-08B9-3508-A2F1-0D846B58614C} = {D80F212E-08B9-3508-A2F1-0D846B58614C}
		{7A6D1BE0-EAA1-367F-97C4-B0BCAF4073C9} = {7A6D1BE0-EAA1-367F-97C4-B0BCAF4073C9}
		{9EF7F79A-2B24-3DC8-B955-56D5FA88E1A6} = {9EF7F79A-2B24-3DC8-B955-56D5FA88E1A6}
		{500281EE-504E-3F74-A8FA-11704ED978ED} = {500281EE-504E-3F74-A8FA-11704ED978ED}
		{9D8686D7-E9F4-33BE-A3F8-BAA7D48E6F6F} = {9D8686D7-E9F4-33BE-A3F8-BAA7D48E6F6F}
		{462B5BB5-FB78-3E41-875A-AA002AD24FCD} = {462B5BB5-FB78-3E41-875A-AA002AD24FCD}
		{D003E9A5-285E-3FD5-BCE1-26FDB76C9E92} = {D003E9A5-285E-3FD5-BCE1-26FDB76C9E92}
		{FC1D884A-AEB9-32F8-8F94-6DCBCA529870} = {FC1D884A-AEB9-32F8-8F94-6DCBCA529870}
	EndProjectSection
EndProject
Project("{8BC9CEB8-8B4A-11D0-8D11-00A0C91BC942}") = "opencv_imgproc", "..\imgproc\opencv_imgproc.vcxproj", "{D003E9A5-285E-3FD5-BCE1-26FDB76C9E92}"
	ProjectSection(ProjectDependencies) = postProject
		{D80F212E-08B9-3508-A2F1-0D846B58614C} = {D80F212E-08B9-3508-A2F1-0D846B58614C}
		{462B5BB5-FB78-3E41-875A-AA002AD24FCD} = {462B5BB5-FB78-3E41-875A-AA002AD24FCD}
	EndProjectSection
EndProject
Project("{8BC9CEB8-8B4A-11D0-8D11-00A0C91BC942}") = "opencv_legacy", "..\legacy\opencv_legacy.vcxproj", "{E449B5CD-82AE-3E54-BFFE-009A6BECFA61}"
	ProjectSection(ProjectDependencies) = postProject
		{D80F212E-08B9-3508-A2F1-0D846B58614C} = {D80F212E-08B9-3508-A2F1-0D846B58614C}
		{DD6E132B-27D3-353B-9873-CD170E246ED3} = {DD6E132B-27D3-353B-9873-CD170E246ED3}
		{462B5BB5-FB78-3E41-875A-AA002AD24FCD} = {462B5BB5-FB78-3E41-875A-AA002AD24FCD}
		{36E36965-32C6-393D-A445-7F1BCDB7CF51} = {36E36965-32C6-393D-A445-7F1BCDB7CF51}
		{566E9C6E-0D84-3681-8D33-E5EA0B081A55} = {566E9C6E-0D84-3681-8D33-E5EA0B081A55}
		{26044AFC-249C-3A12-B3D7-777668DC1F7B} = {26044AFC-249C-3A12-B3D7-777668DC1F7B}
		{D003E9A5-285E-3FD5-BCE1-26FDB76C9E92} = {D003E9A5-285E-3FD5-BCE1-26FDB76C9E92}
		{7926870F-7548-39E1-AE98-FF6ABD799B54} = {7926870F-7548-39E1-AE98-FF6ABD799B54}
		{15DC6DA8-DB67-3307-95D4-A78009EB4608} = {15DC6DA8-DB67-3307-95D4-A78009EB4608}
	EndProjectSection
EndProject
Project("{8BC9CEB8-8B4A-11D0-8D11-00A0C91BC942}") = "opencv_ml", "..\ml\opencv_ml.vcxproj", "{7926870F-7548-39E1-AE98-FF6ABD799B54}"
	ProjectSection(ProjectDependencies) = postProject
		{D80F212E-08B9-3508-A2F1-0D846B58614C} = {D80F212E-08B9-3508-A2F1-0D846B58614C}
		{462B5BB5-FB78-3E41-875A-AA002AD24FCD} = {462B5BB5-FB78-3E41-875A-AA002AD24FCD}
	EndProjectSection
EndProject
Project("{8BC9CEB8-8B4A-11D0-8D11-00A0C91BC942}") = "opencv_nonfree", "..\nonfree\opencv_nonfree.vcxproj", "{B840E0D8-8201-3240-A141-57A13DA9E16E}"
	ProjectSection(ProjectDependencies) = postProject
		{D80F212E-08B9-3508-A2F1-0D846B58614C} = {D80F212E-08B9-3508-A2F1-0D846B58614C}
		{DD6E132B-27D3-353B-9873-CD170E246ED3} = {DD6E132B-27D3-353B-9873-CD170E246ED3}
		{462B5BB5-FB78-3E41-875A-AA002AD24FCD} = {462B5BB5-FB78-3E41-875A-AA002AD24FCD}
		{36E36965-32C6-393D-A445-7F1BCDB7CF51} = {36E36965-32C6-393D-A445-7F1BCDB7CF51}
		{566E9C6E-0D84-3681-8D33-E5EA0B081A55} = {566E9C6E-0D84-3681-8D33-E5EA0B081A55}
		{BD16A44E-B570-3417-9787-AD0460BBD1EF} = {BD16A44E-B570-3417-9787-AD0460BBD1EF}
		{26044AFC-249C-3A12-B3D7-777668DC1F7B} = {26044AFC-249C-3A12-B3D7-777668DC1F7B}
		{D003E9A5-285E-3FD5-BCE1-26FDB76C9E92} = {D003E9A5-285E-3FD5-BCE1-26FDB76C9E92}
		{E449B5CD-82AE-3E54-BFFE-009A6BECFA61} = {E449B5CD-82AE-3E54-BFFE-009A6BECFA61}
		{7926870F-7548-39E1-AE98-FF6ABD799B54} = {7926870F-7548-39E1-AE98-FF6ABD799B54}
		{62934B13-B6E1-3C44-853B-379A0469F26C} = {62934B13-B6E1-3C44-853B-379A0469F26C}
		{FEED1B40-F291-3FC4-B5C0-F402C05BB147} = {FEED1B40-F291-3FC4-B5C0-F402C05BB147}
		{2164AA7F-718A-332A-B012-A0B00A1E1B86} = {2164AA7F-718A-332A-B012-A0B00A1E1B86}
		{15DC6DA8-DB67-3307-95D4-A78009EB4608} = {15DC6DA8-DB67-3307-95D4-A78009EB4608}
	EndProjectSection
EndProject
Project("{8BC9CEB8-8B4A-11D0-8D11-00A0C91BC942}") = "opencv_objdetect", "..\objdetect\opencv_objdetect.vcxproj", "{62934B13-B6E1-3C44-853B-379A0469F26C}"
	ProjectSection(ProjectDependencies) = postProject
		{D80F212E-08B9-3508-A2F1-0D846B58614C} = {D80F212E-08B9-3508-A2F1-0D846B58614C}
		{462B5BB5-FB78-3E41-875A-AA002AD24FCD} = {462B5BB5-FB78-3E41-875A-AA002AD24FCD}
		{26044AFC-249C-3A12-B3D7-777668DC1F7B} = {26044AFC-249C-3A12-B3D7-777668DC1F7B}
		{D003E9A5-285E-3FD5-BCE1-26FDB76C9E92} = {D003E9A5-285E-3FD5-BCE1-26FDB76C9E92}
	EndProjectSection
EndProject
Project("{8BC9CEB8-8B4A-11D0-8D11-00A0C91BC942}") = "opencv_ocl", "..\ocl\opencv_ocl.vcxproj", "{FEED1B40-F291-3FC4-B5C0-F402C05BB147}"
	ProjectSection(ProjectDependencies) = postProject
		{D80F212E-08B9-3508-A2F1-0D846B58614C} = {D80F212E-08B9-3508-A2F1-0D846B58614C}
		{DD6E132B-27D3-353B-9873-CD170E246ED3} = {DD6E132B-27D3-353B-9873-CD170E246ED3}
		{462B5BB5-FB78-3E41-875A-AA002AD24FCD} = {462B5BB5-FB78-3E41-875A-AA002AD24FCD}
		{36E36965-32C6-393D-A445-7F1BCDB7CF51} = {36E36965-32C6-393D-A445-7F1BCDB7CF51}
		{566E9C6E-0D84-3681-8D33-E5EA0B081A55} = {566E9C6E-0D84-3681-8D33-E5EA0B081A55}
		{26044AFC-249C-3A12-B3D7-777668DC1F7B} = {26044AFC-249C-3A12-B3D7-777668DC1F7B}
		{D003E9A5-285E-3FD5-BCE1-26FDB76C9E92} = {D003E9A5-285E-3FD5-BCE1-26FDB76C9E92}
		{7926870F-7548-39E1-AE98-FF6ABD799B54} = {7926870F-7548-39E1-AE98-FF6ABD799B54}
		{62934B13-B6E1-3C44-853B-379A0469F26C} = {62934B13-B6E1-3C44-853B-379A0469F26C}
		{15DC6DA8-DB67-3307-95D4-A78009EB4608} = {15DC6DA8-DB67-3307-95D4-A78009EB4608}
	EndProjectSection
EndProject
Project("{8BC9CEB8-8B4A-11D0-8D11-00A0C91BC942}") = "opencv_perf_stitching", "opencv_perf_stitching.vcxproj", "{89D1AC69-47E0-312E-8058-31F19C918E39}"
	ProjectSection(ProjectDependencies) = postProject
		{D80F212E-08B9-3508-A2F1-0D846B58614C} = {D80F212E-08B9-3508-A2F1-0D846B58614C}
		{DD6E132B-27D3-353B-9873-CD170E246ED3} = {DD6E132B-27D3-353B-9873-CD170E246ED3}
		{462B5BB5-FB78-3E41-875A-AA002AD24FCD} = {462B5BB5-FB78-3E41-875A-AA002AD24FCD}
		{36E36965-32C6-393D-A445-7F1BCDB7CF51} = {36E36965-32C6-393D-A445-7F1BCDB7CF51}
		{566E9C6E-0D84-3681-8D33-E5EA0B081A55} = {566E9C6E-0D84-3681-8D33-E5EA0B081A55}
		{BD16A44E-B570-3417-9787-AD0460BBD1EF} = {BD16A44E-B570-3417-9787-AD0460BBD1EF}
		{26044AFC-249C-3A12-B3D7-777668DC1F7B} = {26044AFC-249C-3A12-B3D7-777668DC1F7B}
		{D003E9A5-285E-3FD5-BCE1-26FDB76C9E92} = {D003E9A5-285E-3FD5-BCE1-26FDB76C9E92}
		{E449B5CD-82AE-3E54-BFFE-009A6BECFA61} = {E449B5CD-82AE-3E54-BFFE-009A6BECFA61}
		{7926870F-7548-39E1-AE98-FF6ABD799B54} = {7926870F-7548-39E1-AE98-FF6ABD799B54}
		{B840E0D8-8201-3240-A141-57A13DA9E16E} = {B840E0D8-8201-3240-A141-57A13DA9E16E}
		{62934B13-B6E1-3C44-853B-379A0469F26C} = {62934B13-B6E1-3C44-853B-379A0469F26C}
		{FEED1B40-F291-3FC4-B5C0-F402C05BB147} = {FEED1B40-F291-3FC4-B5C0-F402C05BB147}
		{2164AA7F-718A-332A-B012-A0B00A1E1B86} = {2164AA7F-718A-332A-B012-A0B00A1E1B86}
		{32D1E04F-7C9A-3321-B545-AB047C5F2539} = {32D1E04F-7C9A-3321-B545-AB047C5F2539}
		{C54BE43C-A354-3471-8558-C680469F1DBF} = {C54BE43C-A354-3471-8558-C680469F1DBF}
		{15DC6DA8-DB67-3307-95D4-A78009EB4608} = {15DC6DA8-DB67-3307-95D4-A78009EB4608}
	EndProjectSection
EndProject
Project("{8BC9CEB8-8B4A-11D0-8D11-00A0C91BC942}") = "opencv_photo", "..\photo\opencv_photo.vcxproj", "{2164AA7F-718A-332A-B012-A0B00A1E1B86}"
	ProjectSection(ProjectDependencies) = postProject
		{D80F212E-08B9-3508-A2F1-0D846B58614C} = {D80F212E-08B9-3508-A2F1-0D846B58614C}
		{462B5BB5-FB78-3E41-875A-AA002AD24FCD} = {462B5BB5-FB78-3E41-875A-AA002AD24FCD}
		{D003E9A5-285E-3FD5-BCE1-26FDB76C9E92} = {D003E9A5-285E-3FD5-BCE1-26FDB76C9E92}
	EndProjectSection
EndProject
Project("{8BC9CEB8-8B4A-11D0-8D11-00A0C91BC942}") = "opencv_stitching", "opencv_stitching.vcxproj", "{32D1E04F-7C9A-3321-B545-AB047C5F2539}"
	ProjectSection(ProjectDependencies) = postProject
		{D80F212E-08B9-3508-A2F1-0D846B58614C} = {D80F212E-08B9-3508-A2F1-0D846B58614C}
		{DD6E132B-27D3-353B-9873-CD170E246ED3} = {DD6E132B-27D3-353B-9873-CD170E246ED3}
		{462B5BB5-FB78-3E41-875A-AA002AD24FCD} = {462B5BB5-FB78-3E41-875A-AA002AD24FCD}
		{36E36965-32C6-393D-A445-7F1BCDB7CF51} = {36E36965-32C6-393D-A445-7F1BCDB7CF51}
		{566E9C6E-0D84-3681-8D33-E5EA0B081A55} = {566E9C6E-0D84-3681-8D33-E5EA0B081A55}
		{BD16A44E-B570-3417-9787-AD0460BBD1EF} = {BD16A44E-B570-3417-9787-AD0460BBD1EF}
		{26044AFC-249C-3A12-B3D7-777668DC1F7B} = {26044AFC-249C-3A12-B3D7-777668DC1F7B}
		{D003E9A5-285E-3FD5-BCE1-26FDB76C9E92} = {D003E9A5-285E-3FD5-BCE1-26FDB76C9E92}
		{E449B5CD-82AE-3E54-BFFE-009A6BECFA61} = {E449B5CD-82AE-3E54-BFFE-009A6BECFA61}
		{7926870F-7548-39E1-AE98-FF6ABD799B54} = {7926870F-7548-39E1-AE98-FF6ABD799B54}
		{B840E0D8-8201-3240-A141-57A13DA9E16E} = {B840E0D8-8201-3240-A141-57A13DA9E16E}
		{62934B13-B6E1-3C44-853B-379A0469F26C} = {62934B13-B6E1-3C44-853B-379A0469F26C}
		{FEED1B40-F291-3FC4-B5C0-F402C05BB147} = {FEED1B40-F291-3FC4-B5C0-F402C05BB147}
		{2164AA7F-718A-332A-B012-A0B00A1E1B86} = {2164AA7F-718A-332A-B012-A0B00A1E1B86}
		{15DC6DA8-DB67-3307-95D4-A78009EB4608} = {15DC6DA8-DB67-3307-95D4-A78009EB4608}
	EndProjectSection
EndProject
Project("{8BC9CEB8-8B4A-11D0-8D11-00A0C91BC942}") = "opencv_test_stitching", "opencv_test_stitching.vcxproj", "{DAE47E99-0B74-36C9-B3B3-7BB7E4A05A98}"
	ProjectSection(ProjectDependencies) = postProject
		{D80F212E-08B9-3508-A2F1-0D846B58614C} = {D80F212E-08B9-3508-A2F1-0D846B58614C}
		{DD6E132B-27D3-353B-9873-CD170E246ED3} = {DD6E132B-27D3-353B-9873-CD170E246ED3}
		{462B5BB5-FB78-3E41-875A-AA002AD24FCD} = {462B5BB5-FB78-3E41-875A-AA002AD24FCD}
		{36E36965-32C6-393D-A445-7F1BCDB7CF51} = {36E36965-32C6-393D-A445-7F1BCDB7CF51}
		{566E9C6E-0D84-3681-8D33-E5EA0B081A55} = {566E9C6E-0D84-3681-8D33-E5EA0B081A55}
		{BD16A44E-B570-3417-9787-AD0460BBD1EF} = {BD16A44E-B570-3417-9787-AD0460BBD1EF}
		{26044AFC-249C-3A12-B3D7-777668DC1F7B} = {26044AFC-249C-3A12-B3D7-777668DC1F7B}
		{D003E9A5-285E-3FD5-BCE1-26FDB76C9E92} = {D003E9A5-285E-3FD5-BCE1-26FDB76C9E92}
		{E449B5CD-82AE-3E54-BFFE-009A6BECFA61} = {E449B5CD-82AE-3E54-BFFE-009A6BECFA61}
		{7926870F-7548-39E1-AE98-FF6ABD799B54} = {7926870F-7548-39E1-AE98-FF6ABD799B54}
		{B840E0D8-8201-3240-A141-57A13DA9E16E} = {B840E0D8-8201-3240-A141-57A13DA9E16E}
		{62934B13-B6E1-3C44-853B-379A0469F26C} = {62934B13-B6E1-3C44-853B-379A0469F26C}
		{FEED1B40-F291-3FC4-B5C0-F402C05BB147} = {FEED1B40-F291-3FC4-B5C0-F402C05BB147}
		{2164AA7F-718A-332A-B012-A0B00A1E1B86} = {2164AA7F-718A-332A-B012-A0B00A1E1B86}
		{32D1E04F-7C9A-3321-B545-AB047C5F2539} = {32D1E04F-7C9A-3321-B545-AB047C5F2539}
		{C54BE43C-A354-3471-8558-C680469F1DBF} = {C54BE43C-A354-3471-8558-C680469F1DBF}
		{15DC6DA8-DB67-3307-95D4-A78009EB4608} = {15DC6DA8-DB67-3307-95D4-A78009EB4608}
	EndProjectSection
EndProject
Project("{8BC9CEB8-8B4A-11D0-8D11-00A0C91BC942}") = "opencv_ts", "..\ts\opencv_ts.vcxproj", "{C54BE43C-A354-3471-8558-C680469F1DBF}"
	ProjectSection(ProjectDependencies) = postProject
		{D80F212E-08B9-3508-A2F1-0D846B58614C} = {D80F212E-08B9-3508-A2F1-0D846B58614C}
		{462B5BB5-FB78-3E41-875A-AA002AD24FCD} = {462B5BB5-FB78-3E41-875A-AA002AD24FCD}
		{36E36965-32C6-393D-A445-7F1BCDB7CF51} = {36E36965-32C6-393D-A445-7F1BCDB7CF51}
		{566E9C6E-0D84-3681-8D33-E5EA0B081A55} = {566E9C6E-0D84-3681-8D33-E5EA0B081A55}
		{26044AFC-249C-3A12-B3D7-777668DC1F7B} = {26044AFC-249C-3A12-B3D7-777668DC1F7B}
		{D003E9A5-285E-3FD5-BCE1-26FDB76C9E92} = {D003E9A5-285E-3FD5-BCE1-26FDB76C9E92}
		{15DC6DA8-DB67-3307-95D4-A78009EB4608} = {15DC6DA8-DB67-3307-95D4-A78009EB4608}
	EndProjectSection
EndProject
Project("{8BC9CEB8-8B4A-11D0-8D11-00A0C91BC942}") = "opencv_video", "..\video\opencv_video.vcxproj", "{15DC6DA8-DB67-3307-95D4-A78009EB4608}"
	ProjectSection(ProjectDependencies) = postProject
		{D80F212E-08B9-3508-A2F1-0D846B58614C} = {D80F212E-08B9-3508-A2F1-0D846B58614C}
		{462B5BB5-FB78-3E41-875A-AA002AD24FCD} = {462B5BB5-FB78-3E41-875A-AA002AD24FCD}
		{D003E9A5-285E-3FD5-BCE1-26FDB76C9E92} = {D003E9A5-285E-3FD5-BCE1-26FDB76C9E92}
	EndProjectSection
EndProject
Project("{8BC9CEB8-8B4A-11D0-8D11-00A0C91BC942}") = "zlib", "..\..\3rdparty\zlib\zlib.vcxproj", "{FC1D884A-AEB9-32F8-8F94-6DCBCA529870}"
	ProjectSection(ProjectDependencies) = postProject
		{D80F212E-08B9-3508-A2F1-0D846B58614C} = {D80F212E-08B9-3508-A2F1-0D846B58614C}
	EndProjectSection
EndProject
Project("{2150E333-8FDC-42A3-9474-1A3956D46DE8}") = "3rdparty", "3rdparty", "{0E229476-A6CE-37DA-91C5-78A0B407ABE6}"
EndProject
Project("{2150E333-8FDC-42A3-9474-1A3956D46DE8}") = "CMakeTargets", "CMakeTargets", "{FD292CB9-52C1-302E-822F-F76CC711B071}"
EndProject
Project("{2150E333-8FDC-42A3-9474-1A3956D46DE8}") = "modules", "modules", "{BE4DA373-4293-3A26-8376-6C551AB2E92A}"
EndProject
Project("{2150E333-8FDC-42A3-9474-1A3956D46DE8}") = "tests accuracy", "tests accuracy", "{190B1060-8EB8-3BEC-AC74-FF360433B848}"
EndProject
Project("{2150E333-8FDC-42A3-9474-1A3956D46DE8}") = "tests performance", "tests performance", "{4297335F-86C3-3DB2-B6D6-91ACF4969CC8}"
EndProject
Global
	GlobalSection(SolutionConfigurationPlatforms) = preSolution
		Debug|Win32 = Debug|Win32
		Release|Win32 = Release|Win32
	EndGlobalSection
	GlobalSection(ProjectConfigurationPlatforms) = postSolution
		{8E2311F6-64E4-3340-9FA8-BD4F24F62324}.Debug|Win32.ActiveCfg = Debug|Win32
		{8E2311F6-64E4-3340-9FA8-BD4F24F62324}.Debug|Win32.Build.0 = Debug|Win32
		{8E2311F6-64E4-3340-9FA8-BD4F24F62324}.Release|Win32.ActiveCfg = Release|Win32
		{8E2311F6-64E4-3340-9FA8-BD4F24F62324}.Release|Win32.Build.0 = Release|Win32
		{89B1B741-AA08-3835-B816-7B5E64D0DC26}.Debug|Win32.ActiveCfg = Debug|Win32
		{89B1B741-AA08-3835-B816-7B5E64D0DC26}.Release|Win32.ActiveCfg = Release|Win32
		{BCAFDBE3-32CD-39BB-B86A-10006A4E7F74}.Debug|Win32.ActiveCfg = Debug|Win32
		{BCAFDBE3-32CD-39BB-B86A-10006A4E7F74}.Debug|Win32.Build.0 = Debug|Win32
		{BCAFDBE3-32CD-39BB-B86A-10006A4E7F74}.Release|Win32.ActiveCfg = Release|Win32
		{BCAFDBE3-32CD-39BB-B86A-10006A4E7F74}.Release|Win32.Build.0 = Release|Win32
		{099F048F-C21E-38BD-9816-3DAF786E25DC}.Debug|Win32.ActiveCfg = Debug|Win32
		{099F048F-C21E-38BD-9816-3DAF786E25DC}.Release|Win32.ActiveCfg = Release|Win32
		{D80F212E-08B9-3508-A2F1-0D846B58614C}.Debug|Win32.ActiveCfg = Debug|Win32
		{D80F212E-08B9-3508-A2F1-0D846B58614C}.Debug|Win32.Build.0 = Debug|Win32
		{D80F212E-08B9-3508-A2F1-0D846B58614C}.Release|Win32.ActiveCfg = Release|Win32
		{D80F212E-08B9-3508-A2F1-0D846B58614C}.Release|Win32.Build.0 = Release|Win32
		{7A6D1BE0-EAA1-367F-97C4-B0BCAF4073C9}.Debug|Win32.ActiveCfg = Debug|Win32
		{7A6D1BE0-EAA1-367F-97C4-B0BCAF4073C9}.Debug|Win32.Build.0 = Debug|Win32
		{7A6D1BE0-EAA1-367F-97C4-B0BCAF4073C9}.Release|Win32.ActiveCfg = Release|Win32
		{7A6D1BE0-EAA1-367F-97C4-B0BCAF4073C9}.Release|Win32.Build.0 = Release|Win32
		{9EF7F79A-2B24-3DC8-B955-56D5FA88E1A6}.Debug|Win32.ActiveCfg = Debug|Win32
		{9EF7F79A-2B24-3DC8-B955-56D5FA88E1A6}.Debug|Win32.Build.0 = Debug|Win32
		{9EF7F79A-2B24-3DC8-B955-56D5FA88E1A6}.Release|Win32.ActiveCfg = Release|Win32
		{9EF7F79A-2B24-3DC8-B955-56D5FA88E1A6}.Release|Win32.Build.0 = Release|Win32
		{500281EE-504E-3F74-A8FA-11704ED978ED}.Debug|Win32.ActiveCfg = Debug|Win32
		{500281EE-504E-3F74-A8FA-11704ED978ED}.Debug|Win32.Build.0 = Debug|Win32
		{500281EE-504E-3F74-A8FA-11704ED978ED}.Release|Win32.ActiveCfg = Release|Win32
		{500281EE-504E-3F74-A8FA-11704ED978ED}.Release|Win32.Build.0 = Release|Win32
		{9D8686D7-E9F4-33BE-A3F8-BAA7D48E6F6F}.Debug|Win32.ActiveCfg = Debug|Win32
		{9D8686D7-E9F4-33BE-A3F8-BAA7D48E6F6F}.Debug|Win32.Build.0 = Debug|Win32
		{9D8686D7-E9F4-33BE-A3F8-BAA7D48E6F6F}.Release|Win32.ActiveCfg = Release|Win32
		{9D8686D7-E9F4-33BE-A3F8-BAA7D48E6F6F}.Release|Win32.Build.0 = Release|Win32
		{DD6E132B-27D3-353B-9873-CD170E246ED3}.Debug|Win32.ActiveCfg = Debug|Win32
		{DD6E132B-27D3-353B-9873-CD170E246ED3}.Debug|Win32.Build.0 = Debug|Win32
		{DD6E132B-27D3-353B-9873-CD170E246ED3}.Release|Win32.ActiveCfg = Release|Win32
		{DD6E132B-27D3-353B-9873-CD170E246ED3}.Release|Win32.Build.0 = Release|Win32
		{462B5BB5-FB78-3E41-875A-AA002AD24FCD}.Debug|Win32.ActiveCfg = Debug|Win32
		{462B5BB5-FB78-3E41-875A-AA002AD24FCD}.Debug|Win32.Build.0 = Debug|Win32
		{462B5BB5-FB78-3E41-875A-AA002AD24FCD}.Release|Win32.ActiveCfg = Release|Win32
		{462B5BB5-FB78-3E41-875A-AA002AD24FCD}.Release|Win32.Build.0 = Release|Win32
		{36E36965-32C6-393D-A445-7F1BCDB7CF51}.Debug|Win32.ActiveCfg = Debug|Win32
		{36E36965-32C6-393D-A445-7F1BCDB7CF51}.Debug|Win32.Build.0 = Debug|Win32
		{36E36965-32C6-393D-A445-7F1BCDB7CF51}.Release|Win32.ActiveCfg = Release|Win32
		{36E36965-32C6-393D-A445-7F1BCDB7CF51}.Release|Win32.Build.0 = Release|Win32
		{566E9C6E-0D84-3681-8D33-E5EA0B081A55}.Debug|Win32.ActiveCfg = Debug|Win32
		{566E9C6E-0D84-3681-8D33-E5EA0B081A55}.Debug|Win32.Build.0 = Debug|Win32
		{566E9C6E-0D84-3681-8D33-E5EA0B081A55}.Release|Win32.ActiveCfg = Release|Win32
		{566E9C6E-0D84-3681-8D33-E5EA0B081A55}.Release|Win32.Build.0 = Release|Win32
		{BD16A44E-B570-3417-9787-AD0460BBD1EF}.Debug|Win32.ActiveCfg = Debug|Win32
		{BD16A44E-B570-3417-9787-AD0460BBD1EF}.Debug|Win32.Build.0 = Debug|Win32
		{BD16A44E-B570-3417-9787-AD0460BBD1EF}.Release|Win32.ActiveCfg = Release|Win32
		{BD16A44E-B570-3417-9787-AD0460BBD1EF}.Release|Win32.Build.0 = Release|Win32
		{26044AFC-249C-3A12-B3D7-777668DC1F7B}.Debug|Win32.ActiveCfg = Debug|Win32
		{26044AFC-249C-3A12-B3D7-777668DC1F7B}.Debug|Win32.Build.0 = Debug|Win32
		{26044AFC-249C-3A12-B3D7-777668DC1F7B}.Release|Win32.ActiveCfg = Release|Win32
		{26044AFC-249C-3A12-B3D7-777668DC1F7B}.Release|Win32.Build.0 = Release|Win32
		{D003E9A5-285E-3FD5-BCE1-26FDB76C9E92}.Debug|Win32.ActiveCfg = Debug|Win32
		{D003E9A5-285E-3FD5-BCE1-26FDB76C9E92}.Debug|Win32.Build.0 = Debug|Win32
		{D003E9A5-285E-3FD5-BCE1-26FDB76C9E92}.Release|Win32.ActiveCfg = Release|Win32
		{D003E9A5-285E-3FD5-BCE1-26FDB76C9E92}.Release|Win32.Build.0 = Release|Win32
		{E449B5CD-82AE-3E54-BFFE-009A6BECFA61}.Debug|Win32.ActiveCfg = Debug|Win32
		{E449B5CD-82AE-3E54-BFFE-009A6BECFA61}.Debug|Win32.Build.0 = Debug|Win32
		{E449B5CD-82AE-3E54-BFFE-009A6BECFA61}.Release|Win32.ActiveCfg = Release|Win32
		{E449B5CD-82AE-3E54-BFFE-009A6BECFA61}.Release|Win32.Build.0 = Release|Win32
		{7926870F-7548-39E1-AE98-FF6ABD799B54}.Debug|Win32.ActiveCfg = Debug|Win32
		{7926870F-7548-39E1-AE98-FF6ABD799B54}.Debug|Win32.Build.0 = Debug|Win32
		{7926870F-7548-39E1-AE98-FF6ABD799B54}.Release|Win32.ActiveCfg = Release|Win32
		{7926870F-7548-39E1-AE98-FF6ABD799B54}.Release|Win32.Build.0 = Release|Win32
		{B840E0D8-8201-3240-A141-57A13DA9E16E}.Debug|Win32.ActiveCfg = Debug|Win32
		{B840E0D8-8201-3240-A141-57A13DA9E16E}.Debug|Win32.Build.0 = Debug|Win32
		{B840E0D8-8201-3240-A141-57A13DA9E16E}.Release|Win32.ActiveCfg = Release|Win32
		{B840E0D8-8201-3240-A141-57A13DA9E16E}.Release|Win32.Build.0 = Release|Win32
		{62934B13-B6E1-3C44-853B-379A0469F26C}.Debug|Win32.ActiveCfg = Debug|Win32
		{62934B13-B6E1-3C44-853B-379A0469F26C}.Debug|Win32.Build.0 = Debug|Win32
		{62934B13-B6E1-3C44-853B-379A0469F26C}.Release|Win32.ActiveCfg = Release|Win32
		{62934B13-B6E1-3C44-853B-379A0469F26C}.Release|Win32.Build.0 = Release|Win32
		{FEED1B40-F291-3FC4-B5C0-F402C05BB147}.Debug|Win32.ActiveCfg = Debug|Win32
		{FEED1B40-F291-3FC4-B5C0-F402C05BB147}.Debug|Win32.Build.0 = Debug|Win32
		{FEED1B40-F291-3FC4-B5C0-F402C05BB147}.Release|Win32.ActiveCfg = Release|Win32
		{FEED1B40-F291-3FC4-B5C0-F402C05BB147}.Release|Win32.Build.0 = Release|Win32
		{89D1AC69-47E0-312E-8058-31F19C918E39}.Debug|Win32.ActiveCfg = Debug|Win32
		{89D1AC69-47E0-312E-8058-31F19C918E39}.Debug|Win32.Build.0 = Debug|Win32
		{89D1AC69-47E0-312E-8058-31F19C918E39}.Release|Win32.ActiveCfg = Release|Win32
		{89D1AC69-47E0-312E-8058-31F19C918E39}.Release|Win32.Build.0 = Release|Win32
		{2164AA7F-718A-332A-B012-A0B00A1E1B86}.Debug|Win32.ActiveCfg = Debug|Win32
		{2164AA7F-718A-332A-B012-A0B00A1E1B86}.Debug|Win32.Build.0 = Debug|Win32
		{2164AA7F-718A-332A-B012-A0B00A1E1B86}.Release|Win32.ActiveCfg = Release|Win32
		{2164AA7F-718A-332A-B012-A0B00A1E1B86}.Release|Win32.Build.0 = Release|Win32
		{32D1E04F-7C9A-3321-B545-AB047C5F2539}.Debug|Win32.ActiveCfg = Debug|Win32
		{32D1E04F-7C9A-3321-B545-AB047C5F2539}.Debug|Win32.Build.0 = Debug|Win32
		{32D1E04F-7C9A-3321-B545-AB047C5F2539}.Release|Win32.ActiveCfg = Release|Win32
		{32D1E04F-7C9A-3321-B545-AB047C5F2539}.Release|Win32.Build.0 = Release|Win32
		{DAE47E99-0B74-36C9-B3B3-7BB7E4A05A98}.Debug|Win32.ActiveCfg = Debug|Win32
		{DAE47E99-0B74-36C9-B3B3-7BB7E4A05A98}.Debug|Win32.Build.0 = Debug|Win32
		{DAE47E99-0B74-36C9-B3B3-7BB7E4A05A98}.Release|Win32.ActiveCfg = Release|Win32
		{DAE47E99-0B74-36C9-B3B3-7BB7E4A05A98}.Release|Win32.Build.0 = Release|Win32
		{C54BE43C-A354-3471-8558-C680469F1DBF}.Debug|Win32.ActiveCfg = Debug|Win32
		{C54BE43C-A354-3471-8558-C680469F1DBF}.Debug|Win32.Build.0 = Debug|Win32
		{C54BE43C-A354-3471-8558-C680469F1DBF}.Release|Win32.ActiveCfg = Release|Win32
		{C54BE43C-A354-3471-8558-C680469F1DBF}.Release|Win32.Build.0 = Release|Win32
		{15DC6DA8-DB67-3307-95D4-A78009EB4608}.Debug|Win32.ActiveCfg = Debug|Win32
		{15DC6DA8-DB67-3307-95D4-A78009EB4608}.Debug|Win32.Build.0 = Debug|Win32
		{15DC6DA8-DB67-3307-95D4-A78009EB4608}.Release|Win32.ActiveCfg = Release|Win32
		{15DC6DA8-DB67-3307-95D4-A78009EB4608}.Release|Win32.Build.0 = Release|Win32
		{FC1D884A-AEB9-32F8-8F94-6DCBCA529870}.Debug|Win32.ActiveCfg = Debug|Win32
		{FC1D884A-AEB9-32F8-8F94-6DCBCA529870}.Debug|Win32.Build.0 = Debug|Win32
		{FC1D884A-AEB9-32F8-8F94-6DCBCA529870}.Release|Win32.ActiveCfg = Release|Win32
		{FC1D884A-AEB9-32F8-8F94-6DCBCA529870}.Release|Win32.Build.0 = Release|Win32
	EndGlobalSection
	GlobalSection(NestedProjects) = preSolution
		{BCAFDBE3-32CD-39BB-B86A-10006A4E7F74} = {0E229476-A6CE-37DA-91C5-78A0B407ABE6}
		{7A6D1BE0-EAA1-367F-97C4-B0BCAF4073C9} = {0E229476-A6CE-37DA-91C5-78A0B407ABE6}
		{9EF7F79A-2B24-3DC8-B955-56D5FA88E1A6} = {0E229476-A6CE-37DA-91C5-78A0B407ABE6}
		{500281EE-504E-3F74-A8FA-11704ED978ED} = {0E229476-A6CE-37DA-91C5-78A0B407ABE6}
		{9D8686D7-E9F4-33BE-A3F8-BAA7D48E6F6F} = {0E229476-A6CE-37DA-91C5-78A0B407ABE6}
		{FC1D884A-AEB9-32F8-8F94-6DCBCA529870} = {0E229476-A6CE-37DA-91C5-78A0B407ABE6}
		{89B1B741-AA08-3835-B816-7B5E64D0DC26} = {FD292CB9-52C1-302E-822F-F76CC711B071}
		{099F048F-C21E-38BD-9816-3DAF786E25DC} = {FD292CB9-52C1-302E-822F-F76CC711B071}
		{D80F212E-08B9-3508-A2F1-0D846B58614C} = {FD292CB9-52C1-302E-822F-F76CC711B071}
		{DD6E132B-27D3-353B-9873-CD170E246ED3} = {BE4DA373-4293-3A26-8376-6C551AB2E92A}
		{462B5BB5-FB78-3E41-875A-AA002AD24FCD} = {BE4DA373-4293-3A26-8376-6C551AB2E92A}
		{36E36965-32C6-393D-A445-7F1BCDB7CF51} = {BE4DA373-4293-3A26-8376-6C551AB2E92A}
		{566E9C6E-0D84-3681-8D33-E5EA0B081A55} = {BE4DA373-4293-3A26-8376-6C551AB2E92A}
		{BD16A44E-B570-3417-9787-AD0460BBD1EF} = {BE4DA373-4293-3A26-8376-6C551AB2E92A}
		{26044AFC-249C-3A12-B3D7-777668DC1F7B} = {BE4DA373-4293-3A26-8376-6C551AB2E92A}
		{D003E9A5-285E-3FD5-BCE1-26FDB76C9E92} = {BE4DA373-4293-3A26-8376-6C551AB2E92A}
		{E449B5CD-82AE-3E54-BFFE-009A6BECFA61} = {BE4DA373-4293-3A26-8376-6C551AB2E92A}
		{7926870F-7548-39E1-AE98-FF6ABD799B54} = {BE4DA373-4293-3A26-8376-6C551AB2E92A}
		{B840E0D8-8201-3240-A141-57A13DA9E16E} = {BE4DA373-4293-3A26-8376-6C551AB2E92A}
		{62934B13-B6E1-3C44-853B-379A0469F26C} = {BE4DA373-4293-3A26-8376-6C551AB2E92A}
		{FEED1B40-F291-3FC4-B5C0-F402C05BB147} = {BE4DA373-4293-3A26-8376-6C551AB2E92A}
		{2164AA7F-718A-332A-B012-A0B00A1E1B86} = {BE4DA373-4293-3A26-8376-6C551AB2E92A}
		{32D1E04F-7C9A-3321-B545-AB047C5F2539} = {BE4DA373-4293-3A26-8376-6C551AB2E92A}
		{C54BE43C-A354-3471-8558-C680469F1DBF} = {BE4DA373-4293-3A26-8376-6C551AB2E92A}
		{15DC6DA8-DB67-3307-95D4-A78009EB4608} = {BE4DA373-4293-3A26-8376-6C551AB2E92A}
		{DAE47E99-0B74-36C9-B3B3-7BB7E4A05A98} = {190B1060-8EB8-3BEC-AC74-FF360433B848}
		{89D1AC69-47E0-312E-8058-31F19C918E39} = {4297335F-86C3-3DB2-B6D6-91ACF4969CC8}
	EndGlobalSection
	GlobalSection(ExtensibilityGlobals) = postSolution
	EndGlobalSection
	GlobalSection(ExtensibilityAddIns) = postSolution
	EndGlobalSection
EndGlobal
